
Microsoft Visual Studio Solution File, Format Version 12.00
# Visual Studio Version 17
VisualStudioVersion = 17.14.36930.0
MinimumVisualStudioVersion = 10.0.40219.1
Project("{2150E333-8FDC-42A3-9474-1A3956D46DE8}") = "src", "src", "{02EA681E-C7D8-13C7-8484-4AC65E1B71E8}"
EndProject
Project("{2150E333-8FDC-42A3-9474-1A3956D46DE8}") = "tests", "tests", "{BEA1DDA7-F9ED-402B-9A03-0CE062D1CBC5}"
EndProject
Project("{2150E333-8FDC-42A3-9474-1A3956D46DE8}") = "API", "API", "{9D7CF98B-DF7C-4A37-BB9C-8AC84A90B8BB}"
EndProject
Project("{2150E333-8FDC-42A3-9474-1A3956D46DE8}") = "Modules", "Modules", "{21523D44-FC07-4778-8ED5-33690999A403}"
EndProject
Project("{2150E333-8FDC-42A3-9474-1A3956D46DE8}") = "Shared", "Shared", "{18C2534A-5C59-446E-9549-C846727C85DA}"
EndProject
Project("{FAE04EC0-301F-11D3-BF4B-00C04F79EFBC}") = "Shared.Application", "src\shared\Shared.Application\Shared.Application.csproj", "{9EACEAF8-FA3A-B574-3402-33F9022BF7A6}"
EndProject
Project("{FAE04EC0-301F-11D3-BF4B-00C04F79EFBC}") = "Shared.Domain", "src\shared\Shared.Domain\Shared.Domain.csproj", "{29C50F78-B4DB-C34C-87FA-21A8C144B059}"
EndProject
Project("{FAE04EC0-301F-11D3-BF4B-00C04F79EFBC}") = "Shared.Infrastructure", "src\shared\Shared.Infrastructure\Shared.Infrastructure.csproj", "{95E59A8F-EF25-EF16-A940-E98CE91F5146}"
EndProject
Project("{2150E333-8FDC-42A3-9474-1A3956D46DE8}") = "Catalog", "Catalog", "{D13DB8E2-8DA7-4314-A7DC-290A09801FAD}"
EndProject
Project("{FAE04EC0-301F-11D3-BF4B-00C04F79EFBC}") = "Catalog.Infrastructure", "src\Modules\Catalog\Catalog.Infrastructure\Catalog.Infrastructure.csproj", "{A5702530-D182-2C1E-0A17-DD8044A5F00A}"
EndProject
Project("{FAE04EC0-301F-11D3-BF4B-00C04F79EFBC}") = "Catalog.Application", "src\Modules\Catalog\Catalog.Application\Catalog.Application.csproj", "{8792C4B8-6BFC-A693-8AD4-27E4E5E26E75}"
EndProject
Project("{FAE04EC0-301F-11D3-BF4B-00C04F79EFBC}") = "Catalog.Domain", "src\Modules\Catalog\Catalog.Domain\Catalog.Domain.csproj", "{E266895B-5DDD-DBDF-3EB8-5E6B0D75BA1E}"
EndProject
Project("{2150E333-8FDC-42A3-9474-1A3956D46DE8}") = "Identity", "Identity", "{645ADE5E-432A-454F-BAD1-ED5028FA3926}"
EndProject
Project("{FAE04EC0-301F-11D3-BF4B-00C04F79EFBC}") = "Identity.Application", "src\Modules\Identity\Identity.Application\Identity.Application.csproj", "{54C78693-F644-F23E-B12B-5467FFE0FBF2}"
EndProject
Project("{FAE04EC0-301F-11D3-BF4B-00C04F79EFBC}") = "Identity.Domain", "src\Modules\Identity\Identity.Domain\Identity.Domain.csproj", "{A3D5912F-C4F4-8F7F-B6FE-2366F39FF5DA}"
EndProject
Project("{FAE04EC0-301F-11D3-BF4B-00C04F79EFBC}") = "Identity.Infrastructure", "src\Modules\Identity\Identity.Infrastructure\Identity.Infrastructure.csproj", "{1AECD990-5DE5-2572-ECF2-0E647A275D78}"
EndProject
Project("{FAE04EC0-301F-11D3-BF4B-00C04F79EFBC}") = "Web.API", "src\API\Web.API\Web.API.csproj", "{57F88754-A3F8-301A-C02F-7B246B97C64B}"
EndProject
Project("{FAE04EC0-301F-11D3-BF4B-00C04F79EFBC}") = "AdminPanel", "src\AdminPanel\AdminPanel.csproj", "{6A848860-01CB-267E-13EC-50266C9D8D43}"
EndProject
Global
	GlobalSection(SolutionConfigurationPlatforms) = preSolution
		Debug|Any CPU = Debug|Any CPU
		Release|Any CPU = Release|Any CPU
	EndGlobalSection
	GlobalSection(ProjectConfigurationPlatforms) = postSolution
		{9EACEAF8-FA3A-B574-3402-33F9022BF7A6}.Debug|Any CPU.ActiveCfg = Debug|Any CPU
		{9EACEAF8-FA3A-B574-3402-33F9022BF7A6}.Debug|Any CPU.Build.0 = Debug|Any CPU
		{9EACEAF8-FA3A-B574-3402-33F9022BF7A6}.Release|Any CPU.ActiveCfg = Release|Any CPU
		{9EACEAF8-FA3A-B574-3402-33F9022BF7A6}.Release|Any CPU.Build.0 = Release|Any CPU
		{29C50F78-B4DB-C34C-87FA-21A8C144B059}.Debug|Any CPU.ActiveCfg = Debug|Any CPU
		{29C50F78-B4DB-C34C-87FA-21A8C144B059}.Debug|Any CPU.Build.0 = Debug|Any CPU
		{29C50F78-B4DB-C34C-87FA-21A8C144B059}.Release|Any CPU.ActiveCfg = Release|Any CPU
		{29C50F78-B4DB-C34C-87FA-21A8C144B059}.Release|Any CPU.Build.0 = Release|Any CPU
		{95E59A8F-EF25-EF16-A940-E98CE91F5146}.Debug|Any CPU.ActiveCfg = Debug|Any CPU
		{95E59A8F-EF25-EF16-A940-E98CE91F5146}.Debug|Any CPU.Build.0 = Debug|Any CPU
		{95E59A8F-EF25-EF16-A940-E98CE91F5146}.Release|Any CPU.ActiveCfg = Release|Any CPU
		{95E59A8F-EF25-EF16-A940-E98CE91F5146}.Release|Any CPU.Build.0 = Release|Any CPU
		{A5702530-D182-2C1E-0A17-DD8044A5F00A}.Debug|Any CPU.ActiveCfg = Debug|Any CPU
		{A5702530-D182-2C1E-0A17-DD8044A5F00A}.Debug|Any CPU.Build.0 = Debug|Any CPU
		{A5702530-D182-2C1E-0A17-DD8044A5F00A}.Release|Any CPU.ActiveCfg = Release|Any CPU
		{A5702530-D182-2C1E-0A17-DD8044A5F00A}.Release|Any CPU.Build.0 = Release|Any CPU
		{8792C4B8-6BFC-A693-8AD4-27E4E5E26E75}.Debug|Any CPU.ActiveCfg = Debug|Any CPU
		{8792C4B8-6BFC-A693-8AD4-27E4E5E26E75}.Debug|Any CPU.Build.0 = Debug|Any CPU
		{8792C4B8-6BFC-A693-8AD4-27E4E5E26E75}.Release|Any CPU.ActiveCfg = Release|Any CPU
		{8792C4B8-6BFC-A693-8AD4-27E4E5E26E75}.Release|Any CPU.Build.0 = Release|Any CPU
		{E266895B-5DDD-DBDF-3EB8-5E6B0D75BA1E}.Debug|Any CPU.ActiveCfg = Debug|Any CPU
		{E266895B-5DDD-DBDF-3EB8-5E6B0D75BA1E}.Debug|Any CPU.Build.0 = Debug|Any CPU
		{E266895B-5DDD-DBDF-3EB8-5E6B0D75BA1E}.Release|Any CPU.ActiveCfg = Release|Any CPU
		{E266895B-5DDD-DBDF-3EB8-5E6B0D75BA1E}.Release|Any CPU.Build.0 = Release|Any CPU
		{54C78693-F644-F23E-B12B-5467FFE0FBF2}.Debug|Any CPU.ActiveCfg = Debug|Any CPU
		{54C78693-F644-F23E-B12B-5467FFE0FBF2}.Debug|Any CPU.Build.0 = Debug|Any CPU
		{54C78693-F644-F23E-B12B-5467FFE0FBF2}.Release|Any CPU.ActiveCfg = Release|Any CPU
		{54C78693-F644-F23E-B12B-5467FFE0FBF2}.Release|Any CPU.Build.0 = Release|Any CPU
		{A3D5912F-C4F4-8F7F-B6FE-2366F39FF5DA}.Debug|Any CPU.ActiveCfg = Debug|Any CPU
		{A3D5912F-C4F4-8F7F-B6FE-2366F39FF5DA}.Debug|Any CPU.Build.0 = Debug|Any CPU
		{A3D5912F-C4F4-8F7F-B6FE-2366F39FF5DA}.Release|Any CPU.ActiveCfg = Release|Any CPU
		{A3D5912F-C4F4-8F7F-B6FE-2366F39FF5DA}.Release|Any CPU.Build.0 = Release|Any CPU
		{1AECD990-5DE5-2572-ECF2-0E647A275D78}.Debug|Any CPU.ActiveCfg = Debug|Any CPU
		{1AECD990-5DE5-2572-ECF2-0E647A275D78}.Debug|Any CPU.Build.0 = Debug|Any CPU
		{1AECD990-5DE5-2572-ECF2-0E647A275D78}.Release|Any CPU.ActiveCfg = Release|Any CPU
		{1AECD990-5DE5-2572-ECF2-0E647A275D78}.Release|Any CPU.Build.0 = Release|Any CPU
		{57F88754-A3F8-301A-C02F-7B246B97C64B}.Debug|Any CPU.ActiveCfg = Debug|Any CPU
		{57F88754-A3F8-301A-C02F-7B246B97C64B}.Debug|Any CPU.Build.0 = Debug|Any CPU
		{57F88754-A3F8-301A-C02F-7B246B97C64B}.Release|Any CPU.ActiveCfg = Release|Any CPU
		{57F88754-A3F8-301A-C02F-7B246B97C64B}.Release|Any CPU.Build.0 = Release|Any CPU
		{6A848860-01CB-267E-13EC-50266C9D8D43}.Debug|Any CPU.ActiveCfg = Debug|Any CPU
		{6A848860-01CB-267E-13EC-50266C9D8D43}.Debug|Any CPU.Build.0 = Debug|Any CPU
		{6A848860-01CB-267E-13EC-50266C9D8D43}.Release|Any CPU.ActiveCfg = Release|Any CPU
		{6A848860-01CB-267E-13EC-50266C9D8D43}.Release|Any CPU.Build.0 = Release|Any CPU
	EndGlobalSection
	GlobalSection(SolutionProperties) = preSolution
		HideSolutionNode = FALSE
	EndGlobalSection
	GlobalSection(NestedProjects) = preSolution
		{9D7CF98B-DF7C-4A37-BB9C-8AC84A90B8BB} = {02EA681E-C7D8-13C7-8484-4AC65E1B71E8}
		{21523D44-FC07-4778-8ED5-33690999A403} = {02EA681E-C7D8-13C7-8484-4AC65E1B71E8}
		{18C2534A-5C59-446E-9549-C846727C85DA} = {02EA681E-C7D8-13C7-8484-4AC65E1B71E8}
		{9EACEAF8-FA3A-B574-3402-33F9022BF7A6} = {18C2534A-5C59-446E-9549-C846727C85DA}
		{29C50F78-B4DB-C34C-87FA-21A8C144B059} = {18C2534A-5C59-446E-9549-C846727C85DA}
		{95E59A8F-EF25-EF16-A940-E98CE91F5146} = {18C2534A-5C59-446E-9549-C846727C85DA}
		{D13DB8E2-8DA7-4314-A7DC-290A09801FAD} = {21523D44-FC07-4778-8ED5-33690999A403}
		{A5702530-D182-2C1E-0A17-DD8044A5F00A} = {D13DB8E2-8DA7-4314-A7DC-290A09801FAD}
		{8792C4B8-6BFC-A693-8AD4-27E4E5E26E75} = {D13DB8E2-8DA7-4314-A7DC-290A09801FAD}
		{E266895B-5DDD-DBDF-3EB8-5E6B0D75BA1E} = {D13DB8E2-8DA7-4314-A7DC-290A09801FAD}
		{645ADE5E-432A-454F-BAD1-ED5028FA3926} = {21523D44-FC07-4778-8ED5-33690999A403}
		{54C78693-F644-F23E-B12B-5467FFE0FBF2} = {645ADE5E-432A-454F-BAD1-ED5028FA3926}
		{A3D5912F-C4F4-8F7F-B6FE-2366F39FF5DA} = {645ADE5E-432A-454F-BAD1-ED5028FA3926}
		{1AECD990-5DE5-2572-ECF2-0E647A275D78} = {645ADE5E-432A-454F-BAD1-ED5028FA3926}
		{57F88754-A3F8-301A-C02F-7B246B97C64B} = {9D7CF98B-DF7C-4A37-BB9C-8AC84A90B8BB}
		{6A848860-01CB-267E-13EC-50266C9D8D43} = {02EA681E-C7D8-13C7-8484-4AC65E1B71E8}
	EndGlobalSection
	GlobalSection(ExtensibilityGlobals) = postSolution
		SolutionGuid = {4E54DFB3-6225-44C7-8E44-EC5B3C3B2635}
	EndGlobalSection
EndGlobal
